<?xml version="1.0" encoding="utf-8"?>
<Project ToolsVersion="4.0" xmlns="http://schemas.microsoft.com/developer/msbuild/2003">
  <ItemGroup>
    <ClCompile Include="..\Compress\Compress.cpp">
      <Filter>Source Files</Filter>
    </ClCompile>
    <ClCompile Include="..\Decompress\Decompress.cpp">
      <Filter>Source Files</Filter>
    </ClCompile>
    <ClCompile Include="..\Graph\Graph.cpp">
      <Filter>Source Files</Filter>
    </ClCompile>
    <ClCompile Include="GUI.cpp">
      <Filter>Source Files</Filter>
    </ClCompile>
    <ClCompile Include="..\Minify\minify.cpp">
      <Filter>Source Files</Filter>
    </ClCompile>
    <ClCompile Include="..\post_search\Post_search.cpp">
      <Filter>Source Files</Filter>
    </ClCompile>
    <ClCompile Include="..\Tree\Tree.cpp">
      <Filter>Source Files</Filter>
    </ClCompile>
    <ClCompile Include="..\Tree Node\TreeNode.cpp">
      <Filter>Source Files</Filter>
    </ClCompile>
    <ClCompile Include="..\User\User.cpp">
      <Filter>Source Files</Filter>
    </ClCompile>
    <ClCompile Include="..\Xml to json\Xml_to_Json.cpp">
      <Filter>Source Files</Filter>
    </ClCompile>
    <ClCompile Include="..\XmlParser\XmlParser.cpp">
      <Filter>Source Files</Filter>
    </ClCompile>
    <ClCompile Include="..\XmlFormatter\XmlPrettify.cpp">
      <Filter>Source Files</Filter>
    </ClCompile>
    <ClCompile Include="..\XmlToUsersParser\XMLToUsersParser.cpp">
      <Filter>Source Files</Filter>
    </ClCompile>
    <ClCompile Include="..\XmlValidator\XmlValidator.cpp">
      <Filter>Source Files</Filter>
    </ClCompile>
  </ItemGroup>
  <ItemGroup>
    <ClInclude Include="..\Compress\Compress.h">
      <Filter>Header Files</Filter>
    </ClInclude>
    <ClInclude Include="..\Decompress\Decompress.h">
      <Filter>Header Files</Filter>
    </ClInclude>
    <ClInclude Include="framework.h">
      <Filter>Header Files</Filter>
    </ClInclude>
    <ClInclude Include="..\Graph\Graph.h">
      <Filter>Header Files</Filter>
    </ClInclude>
    <ClInclude Include="..\Minify\minify.h">
      <Filter>Header Files</Filter>
    </ClInclude>
    <ClInclude Include="Resource.h">
      <Filter>Header Files</Filter>
    </ClInclude>
    <ClInclude Include="targetver.h">
      <Filter>Header Files</Filter>
    </ClInclude>
    <ClInclude Include="test.h">
      <Filter>Header Files</Filter>
    </ClInclude>
    <ClInclude Include="..\Tree\Tree.h">
      <Filter>Header Files</Filter>
    </ClInclude>
    <ClInclude Include="..\Tree Node\TreeNode.h">
      <Filter>Header Files</Filter>
    </ClInclude>
    <ClInclude Include="..\Xml to json\Xml_to_Json.h">
      <Filter>Header Files</Filter>
    </ClInclude>
    <ClInclude Include="..\XmlFormatter\XmlPrettify.h">
      <Filter>Header Files</Filter>
    </ClInclude>
  </ItemGroup>
  <ItemGroup>
    <Image Include="GUI.ico">
      <Filter>Resource Files</Filter>
    </Image>
    <Image Include="small.ico">
      <Filter>Resource Files</Filter>
    </Image>
  </ItemGroup>
  <ItemGroup>
    <Filter Include="Source Files">
      <UniqueIdentifier>{55c02445-1d68-4bf8-9faf-577f0812183d}</UniqueIdentifier>
    </Filter>
    <Filter Include="Header Files">
      <UniqueIdentifier>{f8e78925-4afb-43b4-8851-d657618584ba}</UniqueIdentifier>
    </Filter>
    <Filter Include="Resource Files">
      <UniqueIdentifier>{0d1878c1-5e1b-4156-8652-d0f3fd224ce2}</UniqueIdentifier>
    </Filter>
  </ItemGroup>
  <ItemGroup>
    <ResourceCompile Include="GUI.rc">
      <Filter>Resource Files</Filter>
    </ResourceCompile>
  </ItemGroup>
</Project>